
Microsoft Visual Studio Solution File, Format Version 12.00
# Visual Studio Version 17
VisualStudioVersion = 17.1.32421.90
MinimumVisualStudioVersion = 10.0.40219.1
Project("{9A19103F-16F7-4668-BE54-9A1E7A4F7556}") = "PaymentSystemSandbox", "PaymentSystemSandbox\PaymentSystemSandbox.csproj", "{580C60AF-E038-47B2-A29C-12DDDD53C34E}"
EndProject
Project("{9A19103F-16F7-4668-BE54-9A1E7A4F7556}") = "PaymentSystemSandbox.Tests", "PaymentSystemSandbox.Tests\PaymentSystemSandbox.Tests.csproj", "{B828D20B-EFAA-4ABF-BCC6-ED6577AC0FA1}"
EndProject
Global
	GlobalSection(SolutionConfigurationPlatforms) = preSolution
		Debug|Any CPU = Debug|Any CPU
		Release|Any CPU = Release|Any CPU
	EndGlobalSection
	GlobalSection(ProjectConfigurationPlatforms) = postSolution
		{580C60AF-E038-47B2-A29C-12DDDD53C34E}.Debug|Any CPU.ActiveCfg = Debug|Any CPU
		{580C60AF-E038-47B2-A29C-12DDDD53C34E}.Debug|Any CPU.Build.0 = Debug|Any CPU
		{580C60AF-E038-47B2-A29C-12DDDD53C34E}.Release|Any CPU.ActiveCfg = Release|Any CPU
		{580C60AF-E038-47B2-A29C-12DDDD53C34E}.Release|Any CPU.Build.0 = Release|Any CPU
		{B828D20B-EFAA-4ABF-BCC6-ED6577AC0FA1}.Debug|Any CPU.ActiveCfg = Debug|Any CPU
		{B828D20B-EFAA-4ABF-BCC6-ED6577AC0FA1}.Debug|Any CPU.Build.0 = Debug|Any CPU
		{B828D20B-EFAA-4ABF-BCC6-ED6577AC0FA1}.Release|Any CPU.ActiveCfg = Release|Any CPU
		{B828D20B-EFAA-4ABF-BCC6-ED6577AC0FA1}.Release|Any CPU.Build.0 = Release|Any CPU
	EndGlobalSection
	GlobalSection(SolutionProperties) = preSolution
		HideSolutionNode = FALSE
	EndGlobalSection
	GlobalSection(ExtensibilityGlobals) = postSolution
		SolutionGuid = {C9E0A88E-D720-461A-8673-B378BDFE3250}
	EndGlobalSection
EndGlobal
